
Microsoft Visual Studio Solution File, Format Version 11.00
# Visual Studio 2010
Project("{FAE04EC0-301F-11D3-BF4B-00C04F79EFBC}") = "VisualTraceroute", "VisualTraceroute.csproj", "{C91A4CA6-4810-4F51-94C8-8CF8AEA2C48C}"
EndProject
Global
	GlobalSection(SolutionConfigurationPlatforms) = preSolution
		Debug|x86 = Debug|x86
		Release|x86 = Release|x86
	EndGlobalSection
	GlobalSection(ProjectConfigurationPlatforms) = postSolution
		{C91A4CA6-4810-4F51-94C8-8CF8AEA2C48C}.Debug|x86.ActiveCfg = Debug|x86
		{C91A4CA6-4810-4F51-94C8-8CF8AEA2C48C}.Debug|x86.Build.0 = Debug|x86
		{C91A4CA6-4810-4F51-94C8-8CF8AEA2C48C}.Release|x86.ActiveCfg = Release|x86
		{C91A4CA6-4810-4F51-94C8-8CF8AEA2C48C}.Release|x86.Build.0 = Release|x86
	EndGlobalSection
	GlobalSection(SolutionProperties) = preSolution
		HideSolutionNode = FALSE
	EndGlobalSection
EndGlobal
